{
  "version": "5",
  "remote": {
    "https://esm.sh/@supabase/supabase-js@2.116.0": "a38014743786a06c7dbf095a99e9ef3b38c0ec16bff076fc7cd403991192b34e"
  },
  "workspace": {
    "packageJson": {
      "dependencies": [
        "npm:@babel/core@^7.25.2",
        "npm:@expo/vector-icons@^15.0.2",
        "npm:@react-native-async-storage/async-storage@^2.2.0",
        "npm:@supabase/supabase-js@^2.57.0",
        "npm:@types/react@~19.2.4",
        "npm:expo-constants@~57.0.19",
        "npm:expo-dev-client@~57.0.19",
        "npm:expo-font@~57.0.4",
        "npm:expo-image-manipulator@~57.0.9",
        "npm:expo-image-picker@~57.0.12",
        "npm:expo-linking@^57.0.10",
        "npm:expo-location@~57.0.19",
        "npm:expo-notifications@~57.0.20",
        "npm:expo-router@~57.0.22",
        "npm:expo-status-bar@~57.0.1",
        "npm:expo@57.0",
        "npm:react-dom@19.2.3",
        "npm:react-native-safe-area-context@5.7",
        "npm:react-native-screens@4.26",
        "npm:react-native-url-polyfill@2",
        "npm:react-native@0.86.3",
        "npm:react@19.2.3",
        "npm:typescript@~6.0.3"
      ]
    }
  }
}
